
Microsoft Visual Studio Solution File, Format Version 12.00
# Visual Studio 15
VisualStudioVersion = 15.0.27130.2027
MinimumVisualStudioVersion = 10.0.40219.1
Project("{FAE04EC0-301F-11D3-BF4B-00C04F79EFBC}") = "TennisGameKata", "TennisGameKata\TennisGameKata.csproj", "{16AEE246-41B0-4E4C-A4B6-4D97A8756CF7}"
EndProject
Project("{FAE04EC0-301F-11D3-BF4B-00C04F79EFBC}") = "TennisGameKataTests", "TennisGameKataTests\TennisGameKataTests.csproj", "{542E51B7-BBAB-4427-B4EB-484F6FBD4E38}"
EndProject
Global
	GlobalSection(SolutionConfigurationPlatforms) = preSolution
		Debug|Any CPU = Debug|Any CPU
		Release|Any CPU = Release|Any CPU
	EndGlobalSection
	GlobalSection(ProjectConfigurationPlatforms) = postSolution
		{16AEE246-41B0-4E4C-A4B6-4D97A8756CF7}.Debug|Any CPU.ActiveCfg = Debug|Any CPU
		{16AEE246-41B0-4E4C-A4B6-4D97A8756CF7}.Debug|Any CPU.Build.0 = Debug|Any CPU
		{16AEE246-41B0-4E4C-A4B6-4D97A8756CF7}.Release|Any CPU.ActiveCfg = Release|Any CPU
		{16AEE246-41B0-4E4C-A4B6-4D97A8756CF7}.Release|Any CPU.Build.0 = Release|Any CPU
		{542E51B7-BBAB-4427-B4EB-484F6FBD4E38}.Debug|Any CPU.ActiveCfg = Debug|Any CPU
		{542E51B7-BBAB-4427-B4EB-484F6FBD4E38}.Debug|Any CPU.Build.0 = Debug|Any CPU
		{542E51B7-BBAB-4427-B4EB-484F6FBD4E38}.Release|Any CPU.ActiveCfg = Release|Any CPU
		{542E51B7-BBAB-4427-B4EB-484F6FBD4E38}.Release|Any CPU.Build.0 = Release|Any CPU
	EndGlobalSection
	GlobalSection(SolutionProperties) = preSolution
		HideSolutionNode = FALSE
	EndGlobalSection
	GlobalSection(ExtensibilityGlobals) = postSolution
		SolutionGuid = {C9B42D87-B45F-46A4-B7AD-7A71F7BF44BB}
	EndGlobalSection
EndGlobal
